
Microsoft Visual Studio Solution File, Format Version 12.00
# Visual Studio 14
VisualStudioVersion = 14.0.25420.1
MinimumVisualStudioVersion = 10.0.40219.1
Project("{FAE04EC0-301F-11D3-BF4B-00C04F79EFBC}") = "ESANMSA", "ESANMSA.csproj", "{FF11FE0D-375D-4C16-B012-5DCB0A66625F}"
EndProject
Project("{FAE04EC0-301F-11D3-BF4B-00C04F79EFBC}") = "ESAN.Componentes.CoreEvaluacion", "..\ESAN.Componentes.CoreEvaluacion\ESAN.Componentes.CoreEvaluacion.csproj", "{AFB34D01-06B6-4581-9FF7-A09E893E97A9}"
EndProject
Global
	GlobalSection(SolutionConfigurationPlatforms) = preSolution
		Debug|Any CPU = Debug|Any CPU
		Release|Any CPU = Release|Any CPU
	EndGlobalSection
	GlobalSection(ProjectConfigurationPlatforms) = postSolution
		{FF11FE0D-375D-4C16-B012-5DCB0A66625F}.Debug|Any CPU.ActiveCfg = Debug|Any CPU
		{FF11FE0D-375D-4C16-B012-5DCB0A66625F}.Debug|Any CPU.Build.0 = Debug|Any CPU
		{FF11FE0D-375D-4C16-B012-5DCB0A66625F}.Release|Any CPU.ActiveCfg = Release|Any CPU
		{FF11FE0D-375D-4C16-B012-5DCB0A66625F}.Release|Any CPU.Build.0 = Release|Any CPU
		{AFB34D01-06B6-4581-9FF7-A09E893E97A9}.Debug|Any CPU.ActiveCfg = Debug|Any CPU
		{AFB34D01-06B6-4581-9FF7-A09E893E97A9}.Debug|Any CPU.Build.0 = Debug|Any CPU
		{AFB34D01-06B6-4581-9FF7-A09E893E97A9}.Release|Any CPU.ActiveCfg = Release|Any CPU
		{AFB34D01-06B6-4581-9FF7-A09E893E97A9}.Release|Any CPU.Build.0 = Release|Any CPU
	EndGlobalSection
	GlobalSection(SolutionProperties) = preSolution
		HideSolutionNode = FALSE
	EndGlobalSection
EndGlobal
